
Microsoft Visual Studio Solution File, Format Version 12.00
# Visual Studio Version 17
VisualStudioVersion = 17.0.31903.59
MinimumVisualStudioVersion = 10.0.40219.1
Project("{9A19103F-16F7-4668-BE54-9A1E7A4F7556}") = "API", "API\API.csproj", "{09C12393-A79B-434A-B376-91D2292450EA}"
EndProject
Project("{9A19103F-16F7-4668-BE54-9A1E7A4F7556}") = "Unit", "Tests\Unit\Unit.csproj", "{82349FA7-33DE-4FA5-BED2-E322114888B7}"
EndProject
Project("{9A19103F-16F7-4668-BE54-9A1E7A4F7556}") = "Business", "Business\Business.csproj", "{84F6EF56-6588-48D2-8576-446A936B26EF}"
EndProject
Project("{9A19103F-16F7-4668-BE54-9A1E7A4F7556}") = "Domain", "Domain\Domain.csproj", "{37F28170-D839-460D-BEE4-8F8BC3938165}"
EndProject
Project("{9A19103F-16F7-4668-BE54-9A1E7A4F7556}") = "Infra", "Infra\Infra.csproj", "{AFF11E29-A95F-447F-9751-330171A0A7DC}"
EndProject
Project("{FAE04EC0-301F-11D3-BF4B-00C04F79EFBC}") = "Integration", "Integration\Integration.csproj", "{73B468B0-0B16-4539-9887-1FE79230A07E}"
EndProject
Project("{2150E333-8FDC-42A3-9474-1A3956D46DE8}") = "EndToend", "EndToend", "{4C747E6F-9AA9-486B-A4CF-B1DF423A0B0C}"
EndProject
Global
	GlobalSection(SolutionConfigurationPlatforms) = preSolution
		Debug|Any CPU = Debug|Any CPU
		Release|Any CPU = Release|Any CPU
	EndGlobalSection
	GlobalSection(ProjectConfigurationPlatforms) = postSolution
		{09C12393-A79B-434A-B376-91D2292450EA}.Debug|Any CPU.ActiveCfg = Debug|Any CPU
		{09C12393-A79B-434A-B376-91D2292450EA}.Debug|Any CPU.Build.0 = Debug|Any CPU
		{09C12393-A79B-434A-B376-91D2292450EA}.Release|Any CPU.ActiveCfg = Release|Any CPU
		{09C12393-A79B-434A-B376-91D2292450EA}.Release|Any CPU.Build.0 = Release|Any CPU
		{82349FA7-33DE-4FA5-BED2-E322114888B7}.Debug|Any CPU.ActiveCfg = Debug|Any CPU
		{82349FA7-33DE-4FA5-BED2-E322114888B7}.Debug|Any CPU.Build.0 = Debug|Any CPU
		{82349FA7-33DE-4FA5-BED2-E322114888B7}.Release|Any CPU.ActiveCfg = Release|Any CPU
		{82349FA7-33DE-4FA5-BED2-E322114888B7}.Release|Any CPU.Build.0 = Release|Any CPU
		{84F6EF56-6588-48D2-8576-446A936B26EF}.Debug|Any CPU.ActiveCfg = Debug|Any CPU
		{84F6EF56-6588-48D2-8576-446A936B26EF}.Debug|Any CPU.Build.0 = Debug|Any CPU
		{84F6EF56-6588-48D2-8576-446A936B26EF}.Release|Any CPU.ActiveCfg = Release|Any CPU
		{84F6EF56-6588-48D2-8576-446A936B26EF}.Release|Any CPU.Build.0 = Release|Any CPU
		{37F28170-D839-460D-BEE4-8F8BC3938165}.Debug|Any CPU.ActiveCfg = Debug|Any CPU
		{37F28170-D839-460D-BEE4-8F8BC3938165}.Debug|Any CPU.Build.0 = Debug|Any CPU
		{37F28170-D839-460D-BEE4-8F8BC3938165}.Release|Any CPU.ActiveCfg = Release|Any CPU
		{37F28170-D839-460D-BEE4-8F8BC3938165}.Release|Any CPU.Build.0 = Release|Any CPU
		{AFF11E29-A95F-447F-9751-330171A0A7DC}.Debug|Any CPU.ActiveCfg = Debug|Any CPU
		{AFF11E29-A95F-447F-9751-330171A0A7DC}.Debug|Any CPU.Build.0 = Debug|Any CPU
		{AFF11E29-A95F-447F-9751-330171A0A7DC}.Release|Any CPU.ActiveCfg = Release|Any CPU
		{AFF11E29-A95F-447F-9751-330171A0A7DC}.Release|Any CPU.Build.0 = Release|Any CPU
		{73B468B0-0B16-4539-9887-1FE79230A07E}.Debug|Any CPU.ActiveCfg = Debug|Any CPU
		{73B468B0-0B16-4539-9887-1FE79230A07E}.Debug|Any CPU.Build.0 = Debug|Any CPU
		{73B468B0-0B16-4539-9887-1FE79230A07E}.Release|Any CPU.ActiveCfg = Release|Any CPU
		{73B468B0-0B16-4539-9887-1FE79230A07E}.Release|Any CPU.Build.0 = Release|Any CPU
	EndGlobalSection
	GlobalSection(SolutionProperties) = preSolution
		HideSolutionNode = FALSE
	EndGlobalSection
	GlobalSection(ExtensibilityGlobals) = postSolution
		SolutionGuid = {2FE1676E-3993-400A-9E0F-080DED76C776}
	EndGlobalSection
EndGlobal
